
Microsoft Visual Studio Solution File, Format Version 12.00
Project("{2150E333-8FDC-42A3-9474-1A3956D46DE8}") = "Core", "Core", "{9CA39A07-FAED-474C-9909-82F0C2B687F6}"
EndProject
Project("{2150E333-8FDC-42A3-9474-1A3956D46DE8}") = "Presentation", "Presentation", "{E7B16279-6648-422E-A3BD-82FF44D1D3BE}"
EndProject
Project("{2150E333-8FDC-42A3-9474-1A3956D46DE8}") = "Tests", "Tests", "{348628F0-51F7-4815-A717-FF181CED91CD}"
EndProject
Project("{FAE04EC0-301F-11D3-BF4B-00C04F79EFBC}") = "CRC.Data", "CRC.Data\CRC.Data.csproj", "{8FF3CAA3-871B-4B65-A1B3-8869791A1D72}"
EndProject
Project("{FAE04EC0-301F-11D3-BF4B-00C04F79EFBC}") = "CRC.Domain", "CRC.Domain\CRC.Domain.csproj", "{30E9E2E2-9D5D-4A25-A303-169CC2C29386}"
EndProject
Project("{FAE04EC0-301F-11D3-BF4B-00C04F79EFBC}") = "CRC.Api", "CRC.Api\CRC.Api.csproj", "{5FDE9D6C-1454-4164-8ECF-099363E56A4E}"
EndProject
Project("{2150E333-8FDC-42A3-9474-1A3956D46DE8}") = "IA", "IA", "{C81C28DF-AD7D-4723-B089-93642076A44A}"
EndProject
Project("{FAE04EC0-301F-11D3-BF4B-00C04F79EFBC}") = "CRC.IA", "CRC.IA\CRC.IA.csproj", "{31FD7FAD-3AC7-49FF-91E4-58C6115748CF}"
EndProject
Project("{FAE04EC0-301F-11D3-BF4B-00C04F79EFBC}") = "CRC.Tests", "CRC.Tests\CRC.Tests.csproj", "{DEA32C34-D6E6-4963-AFEB-56BCEE6AA26C}"
EndProject
Global
	GlobalSection(SolutionConfigurationPlatforms) = preSolution
		Debug|Any CPU = Debug|Any CPU
		Release|Any CPU = Release|Any CPU
	EndGlobalSection
	GlobalSection(ProjectConfigurationPlatforms) = postSolution
		{8FF3CAA3-871B-4B65-A1B3-8869791A1D72}.Debug|Any CPU.ActiveCfg = Debug|Any CPU
		{8FF3CAA3-871B-4B65-A1B3-8869791A1D72}.Debug|Any CPU.Build.0 = Debug|Any CPU
		{8FF3CAA3-871B-4B65-A1B3-8869791A1D72}.Release|Any CPU.ActiveCfg = Release|Any CPU
		{8FF3CAA3-871B-4B65-A1B3-8869791A1D72}.Release|Any CPU.Build.0 = Release|Any CPU
		{30E9E2E2-9D5D-4A25-A303-169CC2C29386}.Debug|Any CPU.ActiveCfg = Debug|Any CPU
		{30E9E2E2-9D5D-4A25-A303-169CC2C29386}.Debug|Any CPU.Build.0 = Debug|Any CPU
		{30E9E2E2-9D5D-4A25-A303-169CC2C29386}.Release|Any CPU.ActiveCfg = Release|Any CPU
		{30E9E2E2-9D5D-4A25-A303-169CC2C29386}.Release|Any CPU.Build.0 = Release|Any CPU
		{5FDE9D6C-1454-4164-8ECF-099363E56A4E}.Debug|Any CPU.ActiveCfg = Debug|Any CPU
		{5FDE9D6C-1454-4164-8ECF-099363E56A4E}.Debug|Any CPU.Build.0 = Debug|Any CPU
		{5FDE9D6C-1454-4164-8ECF-099363E56A4E}.Release|Any CPU.ActiveCfg = Release|Any CPU
		{5FDE9D6C-1454-4164-8ECF-099363E56A4E}.Release|Any CPU.Build.0 = Release|Any CPU
		{31FD7FAD-3AC7-49FF-91E4-58C6115748CF}.Debug|Any CPU.ActiveCfg = Debug|Any CPU
		{31FD7FAD-3AC7-49FF-91E4-58C6115748CF}.Debug|Any CPU.Build.0 = Debug|Any CPU
		{31FD7FAD-3AC7-49FF-91E4-58C6115748CF}.Release|Any CPU.ActiveCfg = Release|Any CPU
		{31FD7FAD-3AC7-49FF-91E4-58C6115748CF}.Release|Any CPU.Build.0 = Release|Any CPU
		{DEA32C34-D6E6-4963-AFEB-56BCEE6AA26C}.Debug|Any CPU.ActiveCfg = Debug|Any CPU
		{DEA32C34-D6E6-4963-AFEB-56BCEE6AA26C}.Debug|Any CPU.Build.0 = Debug|Any CPU
		{DEA32C34-D6E6-4963-AFEB-56BCEE6AA26C}.Release|Any CPU.ActiveCfg = Release|Any CPU
		{DEA32C34-D6E6-4963-AFEB-56BCEE6AA26C}.Release|Any CPU.Build.0 = Release|Any CPU
	EndGlobalSection
	GlobalSection(NestedProjects) = preSolution
		{8FF3CAA3-871B-4B65-A1B3-8869791A1D72} = {9CA39A07-FAED-474C-9909-82F0C2B687F6}
		{30E9E2E2-9D5D-4A25-A303-169CC2C29386} = {9CA39A07-FAED-474C-9909-82F0C2B687F6}
		{5FDE9D6C-1454-4164-8ECF-099363E56A4E} = {E7B16279-6648-422E-A3BD-82FF44D1D3BE}
		{31FD7FAD-3AC7-49FF-91E4-58C6115748CF} = {C81C28DF-AD7D-4723-B089-93642076A44A}
		{DEA32C34-D6E6-4963-AFEB-56BCEE6AA26C} = {348628F0-51F7-4815-A717-FF181CED91CD}
	EndGlobalSection
EndGlobal
